<?xml version="1.0" encoding="utf-8"?>
<Project ToolsVersion="4.0" xmlns="http://schemas.microsoft.com/developer/msbuild/2003">
  <ItemGroup>
    <Filter Include="/code">
      <UniqueIdentifier>{f128110e-4744-4454-9794-87aa5e5c2410}</UniqueIdentifier>
    </Filter>
    <Filter Include="/3rdparty">
      <UniqueIdentifier>{b292b58c-8bdb-458d-9329-dde6d34b6dc9}</UniqueIdentifier>
    </Filter>
    <Filter Include="/3rdparty\/DevIL-SDK-x86-1.7.8">
      <UniqueIdentifier>{83d5b8f1-9992-4395-88f0-8f873e57fe5d}</UniqueIdentifier>
    </Filter>
    <Filter Include="/3rdparty\/DevIL-SDK-x86-1.7.8\/lib">
      <UniqueIdentifier>{82628714-f94b-4fe7-9d87-94a7fad8b97c}</UniqueIdentifier>
    </Filter>
    <Filter Include="/3rdparty\/DevIL-SDK-x64-1.7.8">
      <UniqueIdentifier>{ce41ec58-44b6-43cc-ad05-361f69679378}</UniqueIdentifier>
    </Filter>
    <Filter Include="/code\effects">
      <UniqueIdentifier>{45d50450-e8ca-48a4-93b8-65c0f4c35267}</UniqueIdentifier>
    </Filter>
    <Filter Include="/3rdparty\/bassmod20">
      <UniqueIdentifier>{c238f4c6-85da-4c19-ab0d-1c4cbdffc99d}</UniqueIdentifier>
    </Filter>
    <Filter Include="/3rdparty\/bassmod20\/c">
      <UniqueIdentifier>{437da487-a834-4d6a-9da5-5a027c9bbc7c}</UniqueIdentifier>
    </Filter>
    <Filter Include="/3rdparty\/SDL2-2.0.3">
      <UniqueIdentifier>{8a5387c8-8591-4cba-89da-445a0d156967}</UniqueIdentifier>
    </Filter>
    <Filter Include="/3rdparty\/SDL2-2.0.3\/x86">
      <UniqueIdentifier>{ffe2dadf-f249-4b0b-a2b8-6480002fcb28}</UniqueIdentifier>
    </Filter>
    <Filter Include="/code\effects\WIP">
      <UniqueIdentifier>{b705316e-bc9b-4b4d-ba76-5a5679a1f8f5}</UniqueIdentifier>
    </Filter>
    <Filter Include="/3rdparty\/rocket">
      <UniqueIdentifier>{11ccbbd5-6323-4793-a2e9-5f0350795aec}</UniqueIdentifier>
    </Filter>
    <Filter Include="/3rdparty\/rocket\/lib">
      <UniqueIdentifier>{565be602-841e-4616-bd97-feecb4b436e5}</UniqueIdentifier>
    </Filter>
  </ItemGroup>
  <ItemGroup>
    <ClCompile Include="..\code\audio.cpp">
      <Filter>/code</Filter>
    </ClCompile>
    <ClCompile Include="..\code\demo.cpp">
      <Filter>/code</Filter>
    </ClCompile>
    <ClCompile Include="..\code\image.cpp">
      <Filter>/code</Filter>
    </ClCompile>
    <ClCompile Include="..\code\main.cpp">
      <Filter>/code</Filter>
    </ClCompile>
    <ClCompile Include="..\code\shared.cpp">
      <Filter>/code</Filter>
    </ClCompile>
    <ClCompile Include="..\code\util.cpp">
      <Filter>/code</Filter>
    </ClCompile>
    <ClCompile Include="..\code\twister.cpp">
      <Filter>/code\effects\WIP</Filter>
    </ClCompile>
    <ClCompile Include="..\code\ball.cpp">
      <Filter>/code\effects\WIP</Filter>
    </ClCompile>
    <ClCompile Include="..\code\landscape.cpp">
      <Filter>/code\effects\WIP</Filter>
    </ClCompile>
    <ClCompile Include="..\code\heartquake.cpp">
      <Filter>/code\effects\WIP</Filter>
    </ClCompile>
    <ClCompile Include="..\code\display.cpp">
      <Filter>/code</Filter>
    </ClCompile>
    <ClCompile Include="..\code\boxblur.cpp">
      <Filter>/code</Filter>
    </ClCompile>
    <ClCompile Include="..\code\polar.cpp">
      <Filter>/code</Filter>
    </ClCompile>
    <ClCompile Include="..\3rdparty\rocket\lib\device.c">
      <Filter>/3rdparty\/rocket\/lib</Filter>
    </ClCompile>
    <ClCompile Include="..\3rdparty\rocket\lib\track.c">
      <Filter>/3rdparty\/rocket\/lib</Filter>
    </ClCompile>
  </ItemGroup>
  <ItemGroup>
    <ClInclude Include="..\code\audio.h">
      <Filter>/code</Filter>
    </ClInclude>
    <ClInclude Include="..\code\demo.h">
      <Filter>/code</Filter>
    </ClInclude>
    <ClInclude Include="..\code\image.h">
      <Filter>/code</Filter>
    </ClInclude>
    <ClInclude Include="..\code\main.h">
      <Filter>/code</Filter>
    </ClInclude>
    <ClInclude Include="..\code\shared.h">
      <Filter>/code</Filter>
    </ClInclude>
    <ClInclude Include="..\code\util.h">
      <Filter>/code</Filter>
    </ClInclude>
    <ClInclude Include="..\code\twister.h">
      <Filter>/code\effects\WIP</Filter>
    </ClInclude>
    <ClInclude Include="..\code\ball.h">
      <Filter>/code\effects\WIP</Filter>
    </ClInclude>
    <ClInclude Include="..\code\landscape.h">
      <Filter>/code\effects\WIP</Filter>
    </ClInclude>
    <ClInclude Include="..\code\heartquake.h">
      <Filter>/code\effects\WIP</Filter>
    </ClInclude>
    <ClInclude Include="..\3rdparty\bassmod20\c\bassmod.h">
      <Filter>/3rdparty\/bassmod20\/c</Filter>
    </ClInclude>
    <ClInclude Include="..\code\timer.h">
      <Filter>/code</Filter>
    </ClInclude>
    <ClInclude Include="..\code\display.h">
      <Filter>/code</Filter>
    </ClInclude>
    <ClInclude Include="..\code\bilinear.h">
      <Filter>/code</Filter>
    </ClInclude>
    <ClInclude Include="..\code\boxblur.h">
      <Filter>/code</Filter>
    </ClInclude>
    <ClInclude Include="..\code\cspan.h">
      <Filter>/code</Filter>
    </ClInclude>
    <ClInclude Include="..\code\polar.h">
      <Filter>/code</Filter>
    </ClInclude>
    <ClInclude Include="..\3rdparty\rocket\lib\base.h">
      <Filter>/3rdparty\/rocket\/lib</Filter>
    </ClInclude>
    <ClInclude Include="..\3rdparty\rocket\lib\device.h">
      <Filter>/3rdparty\/rocket\/lib</Filter>
    </ClInclude>
    <ClInclude Include="..\3rdparty\rocket\lib\sync.h">
      <Filter>/3rdparty\/rocket\/lib</Filter>
    </ClInclude>
    <ClInclude Include="..\3rdparty\rocket\lib\track.h">
      <Filter>/3rdparty\/rocket\/lib</Filter>
    </ClInclude>
  </ItemGroup>
  <ItemGroup>
    <Library Include="..\3rdparty\DevIL-SDK-x86-1.7.8\lib\DevIL.lib">
      <Filter>/3rdparty\/DevIL-SDK-x86-1.7.8\/lib</Filter>
    </Library>
    <Library Include="..\3rdparty\DevIL-SDK-x64-1.7.8\DevIL.lib">
      <Filter>/3rdparty\/DevIL-SDK-x64-1.7.8</Filter>
    </Library>
    <Library Include="..\3rdparty\bassmod20\c\BASSMOD.lib">
      <Filter>/3rdparty\/bassmod20\/c</Filter>
    </Library>
    <Library Include="..\3rdparty\SDL2-2.0.3\lib\x86\SDL2.lib">
      <Filter>/3rdparty\/SDL2-2.0.3\/x86</Filter>
    </Library>
  </ItemGroup>
  <ItemGroup>
    <None Include="..\license.txt" />
    <None Include="..\to do.txt" />
    <None Include="..\3rdparty\bassmod20\bassmod.chm">
      <Filter>/3rdparty\/bassmod20</Filter>
    </None>
  </ItemGroup>
</Project>