<?xml version="1.0" encoding="utf-8"?>
<Project ToolsVersion="4.0" xmlns="http://schemas.microsoft.com/developer/msbuild/2003">
  <ItemGroup>
    <Filter Include="Resource Files">
      <UniqueIdentifier>{67DA6AB6-F800-4c08-8B7A-83BB121AAD01}</UniqueIdentifier>
      <Extensions>rc;ico;cur;bmp;dlg;rc2;rct;bin;rgs;gif;jpg;jpeg;jpe;resx;tiff;tif;png;wav;mfcribbon-ms</Extensions>
    </Filter>
    <Filter Include="/target">
      <UniqueIdentifier>{8c4b42ea-a1bd-4bfd-aa8b-f06f8178e8f0}</UniqueIdentifier>
    </Filter>
    <Filter Include="/3rdparty">
      <UniqueIdentifier>{14d0d8fe-65f1-40a1-89b5-0827532095da}</UniqueIdentifier>
    </Filter>
    <Filter Include="/3rdparty\/3rdparty/Std3Dmath-stripped">
      <UniqueIdentifier>{a4caaf39-6164-487c-882c-4369703c7175}</UniqueIdentifier>
    </Filter>
    <Filter Include="/3rdparty\/3rdparty-rocket">
      <UniqueIdentifier>{a9730659-b3f1-40e8-ad58-efc6efe5bd4c}</UniqueIdentifier>
    </Filter>
    <Filter Include="/3rdparty\/3rdparty-x64">
      <UniqueIdentifier>{e493f479-3ad3-4c26-a0d9-c582a11f9f62}</UniqueIdentifier>
    </Filter>
    <Filter Include="/3rdparty\/3rdparty-x86">
      <UniqueIdentifier>{bb162820-f141-46ae-9fda-46a460fc6688}</UniqueIdentifier>
    </Filter>
    <Filter Include="/code">
      <UniqueIdentifier>{0246043f-9bcf-44c7-b4be-ec6a64b6d8fe}</UniqueIdentifier>
    </Filter>
    <Filter Include="/code\effects">
      <UniqueIdentifier>{ed58cfc0-fd7e-4539-86ce-0b14b40282c1}</UniqueIdentifier>
    </Filter>
    <Filter Include="/code\filters &amp; blitters">
      <UniqueIdentifier>{08039b36-fc7e-4617-8488-5a01ce1efc3e}</UniqueIdentifier>
    </Filter>
    <Filter Include="/code\render">
      <UniqueIdentifier>{fa9b85ab-e8e3-40fc-8024-46536daa423d}</UniqueIdentifier>
    </Filter>
    <Filter Include="/code\util-lib">
      <UniqueIdentifier>{0bffe2b1-c187-4cbe-b90b-9c653656c0a4}</UniqueIdentifier>
    </Filter>
    <Filter Include="/3rdparty\/sse2neon-stripped">
      <UniqueIdentifier>{097173e9-dcb1-4ac3-9cd8-fe4aa3a3f944}</UniqueIdentifier>
    </Filter>
    <Filter Include="/code\filters &amp; blitters\not implemented">
      <UniqueIdentifier>{1a77707a-91cd-49c5-a059-343f34ad714c}</UniqueIdentifier>
    </Filter>
    <Filter Include="/3rdparty\/3rdParty/imgui-1.90">
      <UniqueIdentifier>{d035cfa2-397e-4d41-9065-509b1457e045}</UniqueIdentifier>
    </Filter>
  </ItemGroup>
  <ItemGroup>
    <ClCompile Include="..\code\ball.cpp">
      <Filter>/code\effects</Filter>
    </ClCompile>
    <ClCompile Include="..\code\torus-twister.cpp">
      <Filter>/code\effects</Filter>
    </ClCompile>
    <ClCompile Include="..\code\landscape.cpp">
      <Filter>/code\effects</Filter>
    </ClCompile>
    <ClCompile Include="..\code\polar.cpp">
      <Filter>/code\filters &amp; blitters</Filter>
    </ClCompile>
    <ClCompile Include="..\code\boxblur.cpp">
      <Filter>/code\filters &amp; blitters</Filter>
    </ClCompile>
    <ClCompile Include="..\code\tunnelscape.cpp">
      <Filter>/code\effects</Filter>
    </ClCompile>
    <ClCompile Include="..\3rdparty\Std3DMath-stripped\Matrix44.cpp">
      <Filter>/3rdparty\/3rdparty/Std3Dmath-stripped</Filter>
    </ClCompile>
    <ClCompile Include="..\3rdparty\Std3DMath-stripped\Quaternion.cpp">
      <Filter>/3rdparty\/3rdparty/Std3Dmath-stripped</Filter>
    </ClCompile>
    <ClCompile Include="..\3rdparty\Std3DMath-stripped\Vector3.cpp">
      <Filter>/3rdparty\/3rdparty/Std3Dmath-stripped</Filter>
    </ClCompile>
    <ClCompile Include="..\3rdparty\rocket-stripped\lib\device.c">
      <Filter>/3rdparty\/3rdparty-rocket</Filter>
    </ClCompile>
    <ClCompile Include="..\3rdparty\rocket-stripped\lib\track.c">
      <Filter>/3rdparty\/3rdparty-rocket</Filter>
    </ClCompile>
    <ClCompile Include="..\code\shadertoy.cpp">
      <Filter>/code\effects</Filter>
    </ClCompile>
    <ClCompile Include="..\code\sincos-lut.cpp">
      <Filter>/code\util-lib</Filter>
    </ClCompile>
    <ClCompile Include="..\code\random.cpp">
      <Filter>/code\util-lib</Filter>
    </ClCompile>
    <ClCompile Include="..\code\util.cpp">
      <Filter>/code\util-lib</Filter>
    </ClCompile>
    <ClCompile Include="..\code\audio.cpp">
      <Filter>/code</Filter>
    </ClCompile>
    <ClCompile Include="..\code\demo.cpp">
      <Filter>/code</Filter>
    </ClCompile>
    <ClCompile Include="..\code\display.cpp">
      <Filter>/code</Filter>
    </ClCompile>
    <ClCompile Include="..\code\gamepad.cpp">
      <Filter>/code</Filter>
    </ClCompile>
    <ClCompile Include="..\code\image.cpp">
      <Filter>/code</Filter>
    </ClCompile>
    <ClCompile Include="..\code\main.cpp">
      <Filter>/code</Filter>
    </ClCompile>
    <ClCompile Include="..\code\rocket.cpp">
      <Filter>/code</Filter>
    </ClCompile>
    <ClCompile Include="..\code\shared-resources.cpp">
      <Filter>/code</Filter>
    </ClCompile>
    <ClCompile Include="..\code\tests.cpp">
      <Filter>/code</Filter>
    </ClCompile>
    <ClCompile Include="..\code\fx-blitter.cpp">
      <Filter>/code\filters &amp; blitters</Filter>
    </ClCompile>
    <ClCompile Include="..\code\fast-cosine.cpp">
      <Filter>/code\util-lib</Filter>
    </ClCompile>
    <ClCompile Include="..\code\satori-lumablur.cpp">
      <Filter>/code\filters &amp; blitters\not implemented</Filter>
    </ClCompile>
    <ClCompile Include="..\code\lens.cpp">
      <Filter>/code\filters &amp; blitters\not implemented</Filter>
    </ClCompile>
    <ClCompile Include="..\3rdparty\imgui-1.90\imgui.cpp">
      <Filter>/3rdparty\/3rdParty/imgui-1.90</Filter>
    </ClCompile>
    <ClCompile Include="..\3rdparty\imgui-1.90\imgui_demo.cpp">
      <Filter>/3rdparty\/3rdParty/imgui-1.90</Filter>
    </ClCompile>
    <ClCompile Include="..\3rdparty\imgui-1.90\imgui_draw.cpp">
      <Filter>/3rdparty\/3rdParty/imgui-1.90</Filter>
    </ClCompile>
    <ClCompile Include="..\3rdparty\imgui-1.90\imgui_impl_sdl2.cpp">
      <Filter>/3rdparty\/3rdParty/imgui-1.90</Filter>
    </ClCompile>
    <ClCompile Include="..\3rdparty\imgui-1.90\imgui_impl_sdlrenderer2.cpp">
      <Filter>/3rdparty\/3rdParty/imgui-1.90</Filter>
    </ClCompile>
    <ClCompile Include="..\3rdparty\imgui-1.90\imgui_tables.cpp">
      <Filter>/3rdparty\/3rdParty/imgui-1.90</Filter>
    </ClCompile>
    <ClCompile Include="..\3rdparty\imgui-1.90\imgui_widgets.cpp">
      <Filter>/3rdparty\/3rdParty/imgui-1.90</Filter>
    </ClCompile>
  </ItemGroup>
  <ItemGroup>
    <ClInclude Include="..\code\bilinear.h">
      <Filter>/code\render</Filter>
    </ClInclude>
    <ClInclude Include="..\code\cspan.h">
      <Filter>/code\render</Filter>
    </ClInclude>
    <ClInclude Include="..\3rdparty\Std3DMath-stripped\Dependencies.h">
      <Filter>/3rdparty\/3rdparty/Std3Dmath-stripped</Filter>
    </ClInclude>
    <ClInclude Include="..\3rdparty\Std3DMath-stripped\Math.h">
      <Filter>/3rdparty\/3rdparty/Std3Dmath-stripped</Filter>
    </ClInclude>
    <ClInclude Include="..\3rdparty\Std3DMath-stripped\Matrix44.h">
      <Filter>/3rdparty\/3rdparty/Std3Dmath-stripped</Filter>
    </ClInclude>
    <ClInclude Include="..\3rdparty\Std3DMath-stripped\Quaternion.h">
      <Filter>/3rdparty\/3rdparty/Std3Dmath-stripped</Filter>
    </ClInclude>
    <ClInclude Include="..\3rdparty\Std3DMath-stripped\Vector2.h">
      <Filter>/3rdparty\/3rdparty/Std3Dmath-stripped</Filter>
    </ClInclude>
    <ClInclude Include="..\3rdparty\Std3DMath-stripped\Vector3.h">
      <Filter>/3rdparty\/3rdparty/Std3Dmath-stripped</Filter>
    </ClInclude>
    <ClInclude Include="..\3rdparty\Std3DMath-stripped\Vector4.h">
      <Filter>/3rdparty\/3rdparty/Std3Dmath-stripped</Filter>
    </ClInclude>
    <ClInclude Include="..\3rdparty\rocket-stripped\lib\base.h">
      <Filter>/3rdparty\/3rdparty-rocket</Filter>
    </ClInclude>
    <ClInclude Include="..\3rdparty\rocket-stripped\lib\device.h">
      <Filter>/3rdparty\/3rdparty-rocket</Filter>
    </ClInclude>
    <ClInclude Include="..\3rdparty\rocket-stripped\lib\sync.h">
      <Filter>/3rdparty\/3rdparty-rocket</Filter>
    </ClInclude>
    <ClInclude Include="..\3rdparty\rocket-stripped\lib\track.h">
      <Filter>/3rdparty\/3rdparty-rocket</Filter>
    </ClInclude>
    <ClInclude Include="..\code\shadertoy-util.h">
      <Filter>/code\render</Filter>
    </ClInclude>
    <ClInclude Include="..\3rdparty\sse_mathfun.h">
      <Filter>/3rdparty</Filter>
    </ClInclude>
    <ClInclude Include="..\3rdparty\aspectratios.h">
      <Filter>/3rdparty</Filter>
    </ClInclude>
    <ClInclude Include="..\code\alloc-aligned.h">
      <Filter>/code\util-lib</Filter>
    </ClInclude>
    <ClInclude Include="..\code\bit-tricks.h">
      <Filter>/code\util-lib</Filter>
    </ClInclude>
    <ClInclude Include="..\code\q3-rsqrt.h">
      <Filter>/code\util-lib</Filter>
    </ClInclude>
    <ClInclude Include="..\code\sincos-lut.h">
      <Filter>/code\util-lib</Filter>
    </ClInclude>
    <ClInclude Include="..\code\boxblur.h">
      <Filter>/code\filters &amp; blitters</Filter>
    </ClInclude>
    <ClInclude Include="..\code\polar.h">
      <Filter>/code\filters &amp; blitters</Filter>
    </ClInclude>
    <ClInclude Include="..\code\ball.h">
      <Filter>/code\effects</Filter>
    </ClInclude>
    <ClInclude Include="..\code\landscape.h">
      <Filter>/code\effects</Filter>
    </ClInclude>
    <ClInclude Include="..\code\shadertoy.h">
      <Filter>/code\effects</Filter>
    </ClInclude>
    <ClInclude Include="..\code\torus-twister.h">
      <Filter>/code\effects</Filter>
    </ClInclude>
    <ClInclude Include="..\code\tunnelscape.h">
      <Filter>/code\effects</Filter>
    </ClInclude>
    <ClInclude Include="..\code\voxel-shared.h">
      <Filter>/code\effects</Filter>
    </ClInclude>
    <ClInclude Include="..\code\audio.h">
      <Filter>/code</Filter>
    </ClInclude>
    <ClInclude Include="..\code\demo.h">
      <Filter>/code</Filter>
    </ClInclude>
    <ClInclude Include="..\code\display.h">
      <Filter>/code</Filter>
    </ClInclude>
    <ClInclude Include="..\code\gamepad.h">
      <Filter>/code</Filter>
    </ClInclude>
    <ClInclude Include="..\code\image.h">
      <Filter>/code</Filter>
    </ClInclude>
    <ClInclude Include="..\code\main.h">
      <Filter>/code</Filter>
    </ClInclude>
    <ClInclude Include="..\code\rocket.h">
      <Filter>/code</Filter>
    </ClInclude>
    <ClInclude Include="..\code\shared-resources.h">
      <Filter>/code</Filter>
    </ClInclude>
    <ClInclude Include="..\code\timer.h">
      <Filter>/code</Filter>
    </ClInclude>
    <ClInclude Include="..\code\tests.h">
      <Filter>/code</Filter>
    </ClInclude>
    <ClInclude Include="..\code\fx-blitter.h">
      <Filter>/code\filters &amp; blitters</Filter>
    </ClInclude>
    <ClInclude Include="..\code\random.h">
      <Filter>/code\util-lib</Filter>
    </ClInclude>
    <ClInclude Include="..\code\fast-cosine.h">
      <Filter>/code\util-lib</Filter>
    </ClInclude>
    <ClInclude Include="..\3rdparty\sse2neon-stripped\sse2neon.h">
      <Filter>/3rdparty\/sse2neon-stripped</Filter>
    </ClInclude>
    <ClInclude Include="..\code\satori-lumablur.h">
      <Filter>/code\filters &amp; blitters\not implemented</Filter>
    </ClInclude>
    <ClInclude Include="..\code\util.h">
      <Filter>/code\util-lib</Filter>
    </ClInclude>
    <ClInclude Include="..\code\platform.h">
      <Filter>/code</Filter>
    </ClInclude>
    <ClInclude Include="..\code\lens.h">
      <Filter>/code\filters &amp; blitters\not implemented</Filter>
    </ClInclude>
    <ClInclude Include="..\3rdparty\imgui-1.90\imconfig.h">
      <Filter>/3rdparty\/3rdParty/imgui-1.90</Filter>
    </ClInclude>
    <ClInclude Include="..\3rdparty\imgui-1.90\imgui.h">
      <Filter>/3rdparty\/3rdParty/imgui-1.90</Filter>
    </ClInclude>
    <ClInclude Include="..\3rdparty\imgui-1.90\imgui_impl_sdl2.h">
      <Filter>/3rdparty\/3rdParty/imgui-1.90</Filter>
    </ClInclude>
    <ClInclude Include="..\3rdparty\imgui-1.90\imgui_impl_sdlrenderer2.h">
      <Filter>/3rdparty\/3rdParty/imgui-1.90</Filter>
    </ClInclude>
    <ClInclude Include="..\3rdparty\imgui-1.90\imgui_internal.h">
      <Filter>/3rdparty\/3rdParty/imgui-1.90</Filter>
    </ClInclude>
    <ClInclude Include="..\3rdparty\imgui-1.90\imstb_rectpack.h">
      <Filter>/3rdparty\/3rdParty/imgui-1.90</Filter>
    </ClInclude>
    <ClInclude Include="..\3rdparty\imgui-1.90\imstb_textedit.h">
      <Filter>/3rdparty\/3rdParty/imgui-1.90</Filter>
    </ClInclude>
    <ClInclude Include="..\3rdparty\imgui-1.90\imstb_truetype.h">
      <Filter>/3rdparty\/3rdParty/imgui-1.90</Filter>
    </ClInclude>
  </ItemGroup>
  <ItemGroup>
    <Library Include="..\3rdparty\bassmod20\c\BASSMOD.lib">
      <Filter>/3rdparty\/3rdparty-x86</Filter>
    </Library>
    <Library Include="..\3rdparty\DevIL-SDK-x86-1.7.8\lib\DevIL.lib">
      <Filter>/3rdparty\/3rdparty-x86</Filter>
    </Library>
    <Library Include="..\3rdparty\DevIL-SDK-x64-1.7.8\DevIL.lib">
      <Filter>/3rdparty\/3rdparty-x64</Filter>
    </Library>
    <Library Include="..\3rdparty\SDL2-2.28.5\lib\x86\SDL2.lib">
      <Filter>/3rdparty\/3rdparty-x86</Filter>
    </Library>
    <Library Include="..\3rdparty\SDL2-2.28.5\lib\x64\SDL2.lib">
      <Filter>/3rdparty\/3rdparty-x64</Filter>
    </Library>
    <Library Include="..\3rdparty\bass24-stripped\c\bass.lib">
      <Filter>/3rdparty\/3rdparty-x86</Filter>
    </Library>
    <Library Include="..\3rdparty\bass24-stripped\c\x64\bass.lib">
      <Filter>/3rdparty\/3rdparty-x64</Filter>
    </Library>
  </ItemGroup>
  <ItemGroup>
    <None Include="..\.gitignore" />
    <None Include="..\README.md" />
    <None Include="..\3rdparty\imgui-1.90\.editorconfig">
      <Filter>/3rdparty\/3rdParty/imgui-1.90</Filter>
    </None>
  </ItemGroup>
  <ItemGroup>
    <Text Include="..\target\infofile.txt">
      <Filter>/target</Filter>
    </Text>
    <Text Include="..\bypasszs-ascii.txt" />
    <Text Include="..\rocket-track-guide.txt" />
  </ItemGroup>
</Project>