<?xml version="1.0" encoding="utf-8"?>
<Project ToolsVersion="4.0" xmlns="http://schemas.microsoft.com/developer/msbuild/2003">
  <ItemGroup>
    <Filter Include="Resource Files">
      <UniqueIdentifier>{67DA6AB6-F800-4c08-8B7A-83BB121AAD01}</UniqueIdentifier>
      <Extensions>rc;ico;cur;bmp;dlg;rc2;rct;bin;rgs;gif;jpg;jpeg;jpe;resx;tiff;tif;png;wav;mfcribbon-ms</Extensions>
    </Filter>
    <Filter Include="/target">
      <UniqueIdentifier>{8c4b42ea-a1bd-4bfd-aa8b-f06f8178e8f0}</UniqueIdentifier>
    </Filter>
    <Filter Include="/3rdparty">
      <UniqueIdentifier>{14d0d8fe-65f1-40a1-89b5-0827532095da}</UniqueIdentifier>
    </Filter>
    <Filter Include="/3rdparty\/3rdparty/Std3Dmath-stripped">
      <UniqueIdentifier>{a4caaf39-6164-487c-882c-4369703c7175}</UniqueIdentifier>
    </Filter>
    <Filter Include="/3rdparty\/3rdparty-rocket">
      <UniqueIdentifier>{a9730659-b3f1-40e8-ad58-efc6efe5bd4c}</UniqueIdentifier>
    </Filter>
    <Filter Include="/3rdparty\/3rdparty-x64">
      <UniqueIdentifier>{e493f479-3ad3-4c26-a0d9-c582a11f9f62}</UniqueIdentifier>
    </Filter>
    <Filter Include="/3rdparty\/3rdparty-x86">
      <UniqueIdentifier>{bb162820-f141-46ae-9fda-46a460fc6688}</UniqueIdentifier>
    </Filter>
    <Filter Include="/code">
      <UniqueIdentifier>{0246043f-9bcf-44c7-b4be-ec6a64b6d8fe}</UniqueIdentifier>
    </Filter>
    <Filter Include="/code\effects">
      <UniqueIdentifier>{ed58cfc0-fd7e-4539-86ce-0b14b40282c1}</UniqueIdentifier>
    </Filter>
    <Filter Include="/code\effects\not implemented">
      <UniqueIdentifier>{56eb657b-a43a-4ac4-8f1c-cf7e0c2a85ce}</UniqueIdentifier>
    </Filter>
    <Filter Include="/code\filters &amp; blitters">
      <UniqueIdentifier>{08039b36-fc7e-4617-8488-5a01ce1efc3e}</UniqueIdentifier>
    </Filter>
    <Filter Include="/code\render">
      <UniqueIdentifier>{fa9b85ab-e8e3-40fc-8024-46536daa423d}</UniqueIdentifier>
    </Filter>
    <Filter Include="/code\util-lib">
      <UniqueIdentifier>{0bffe2b1-c187-4cbe-b90b-9c653656c0a4}</UniqueIdentifier>
    </Filter>
    <Filter Include="/code\/FM-synthesizer-2 %28FM. BISON, 2nd iteration%29">
      <UniqueIdentifier>{7e5e832d-0cbe-46b0-bab5-39a62e9f2809}</UniqueIdentifier>
    </Filter>
    <Filter Include="/code\/FM-synthesizer-2 %28FM. BISON, 2nd iteration%29\/3rdparty">
      <UniqueIdentifier>{f909dae9-3c59-4761-a2e0-6167f260240e}</UniqueIdentifier>
    </Filter>
    <Filter Include="/code\/FM-synthesizer-2 %28FM. BISON, 2nd iteration%29\/3rdparty\/tinymt">
      <UniqueIdentifier>{c5b54271-9a44-45a4-b47a-63b982b70a71}</UniqueIdentifier>
    </Filter>
    <Filter Include="/code\/FM-synthesizer-2 %28FM. BISON, 2nd iteration%29\core">
      <UniqueIdentifier>{b8ae1d7e-dc15-44a4-b718-e8e144c867aa}</UniqueIdentifier>
    </Filter>
    <Filter Include="/code\/FM-synthesizer-2 %28FM. BISON, 2nd iteration%29\driver">
      <UniqueIdentifier>{4527025b-d7a6-4e4f-9059-24bb24df6050}</UniqueIdentifier>
    </Filter>
    <Filter Include="/code\/FM-synthesizer-2 %28FM. BISON, 2nd iteration%29\/3rdparty\earlevel.com ADSR %28modified%29">
      <UniqueIdentifier>{ad326aa5-d0fc-4de0-a89f-6e31e7b7dae5}</UniqueIdentifier>
    </Filter>
    <Filter Include="/code\/FM-synthesizer-2 %28FM. BISON, 2nd iteration%29\/theory">
      <UniqueIdentifier>{619ead02-3ba6-47f3-a73a-1a8d4e32ee37}</UniqueIdentifier>
    </Filter>
    <Filter Include="/code\/FM-synthesizer-3 %28FM. BISON, 3rd iteration%29">
      <UniqueIdentifier>{b41def22-827e-41f0-9790-54affb83efb4}</UniqueIdentifier>
    </Filter>
    <Filter Include="/code\/FM-synthesizer-3 %28FM. BISON, 3rd iteration%29\/3rdparty">
      <UniqueIdentifier>{44b5cde8-0a58-4c20-80b2-5e785e1eceb7}</UniqueIdentifier>
    </Filter>
    <Filter Include="/code\/FM-synthesizer-3 %28FM. BISON, 3rd iteration%29\/3rdparty\ADSR %28earlevel.com%29">
      <UniqueIdentifier>{728dae43-2c45-4929-bc72-ba420300da39}</UniqueIdentifier>
    </Filter>
    <Filter Include="/code\/FM-synthesizer-3 %28FM. BISON, 3rd iteration%29\/3rdparty\/tinymt">
      <UniqueIdentifier>{8e2e8a65-6b20-4190-acc6-f79d265b6a74}</UniqueIdentifier>
    </Filter>
    <Filter Include="/code\/FM-synthesizer-3 %28FM. BISON, 3rd iteration%29\/theory">
      <UniqueIdentifier>{892f19df-b01c-482a-830b-d1e42894ccf5}</UniqueIdentifier>
    </Filter>
    <Filter Include="/code\/FM-synthesizer-3 %28FM. BISON, 3rd iteration%29\drivers">
      <UniqueIdentifier>{03095908-e9f5-4f4e-b530-997c1cf9a9e9}</UniqueIdentifier>
    </Filter>
    <Filter Include="/code\/FM-synthesizer-3 %28FM. BISON, 3rd iteration%29\core">
      <UniqueIdentifier>{26100c27-c0d5-4f9c-9742-384462b393b3}</UniqueIdentifier>
    </Filter>
    <Filter Include="/code\/FM-synthesizer-3 %28FM. BISON, 3rd iteration%29\core\unused">
      <UniqueIdentifier>{65839441-5856-403b-b648-81aaa9e933f3}</UniqueIdentifier>
    </Filter>
    <Filter Include="/code\/FM-synthesizer-3 %28FM. BISON, 3rd iteration%29\core\implement!">
      <UniqueIdentifier>{e9039ae1-9b3b-4a81-973e-a4520bbc9c0c}</UniqueIdentifier>
    </Filter>
  </ItemGroup>
  <ItemGroup>
    <ClCompile Include="..\code\ball.cpp">
      <Filter>/code\effects</Filter>
    </ClCompile>
    <ClCompile Include="..\code\torus-twister.cpp">
      <Filter>/code\effects</Filter>
    </ClCompile>
    <ClCompile Include="..\code\landscape.cpp">
      <Filter>/code\effects</Filter>
    </ClCompile>
    <ClCompile Include="..\code\polar.cpp">
      <Filter>/code\filters &amp; blitters</Filter>
    </ClCompile>
    <ClCompile Include="..\code\boxblur.cpp">
      <Filter>/code\filters &amp; blitters</Filter>
    </ClCompile>
    <ClCompile Include="..\code\tunnelscape.cpp">
      <Filter>/code\effects</Filter>
    </ClCompile>
    <ClCompile Include="..\3rdparty\Std3DMath-stripped\Matrix44.cpp">
      <Filter>/3rdparty\/3rdparty/Std3Dmath-stripped</Filter>
    </ClCompile>
    <ClCompile Include="..\3rdparty\Std3DMath-stripped\Quaternion.cpp">
      <Filter>/3rdparty\/3rdparty/Std3Dmath-stripped</Filter>
    </ClCompile>
    <ClCompile Include="..\3rdparty\Std3DMath-stripped\Vector3.cpp">
      <Filter>/3rdparty\/3rdparty/Std3Dmath-stripped</Filter>
    </ClCompile>
    <ClCompile Include="..\3rdparty\rocket-stripped\lib\device.c">
      <Filter>/3rdparty\/3rdparty-rocket</Filter>
    </ClCompile>
    <ClCompile Include="..\3rdparty\rocket-stripped\lib\track.c">
      <Filter>/3rdparty\/3rdparty-rocket</Filter>
    </ClCompile>
    <ClCompile Include="..\code\shadertoy.cpp">
      <Filter>/code\effects</Filter>
    </ClCompile>
    <ClCompile Include="..\code\heartquake.cpp">
      <Filter>/code\effects\not implemented</Filter>
    </ClCompile>
    <ClCompile Include="..\code\sincos-lut.cpp">
      <Filter>/code\util-lib</Filter>
    </ClCompile>
    <ClCompile Include="..\code\random.cpp">
      <Filter>/code\util-lib</Filter>
    </ClCompile>
    <ClCompile Include="..\code\util.cpp">
      <Filter>/code\util-lib</Filter>
    </ClCompile>
    <ClCompile Include="..\code\audio.cpp">
      <Filter>/code</Filter>
    </ClCompile>
    <ClCompile Include="..\code\demo.cpp">
      <Filter>/code</Filter>
    </ClCompile>
    <ClCompile Include="..\code\display.cpp">
      <Filter>/code</Filter>
    </ClCompile>
    <ClCompile Include="..\code\gamepad.cpp">
      <Filter>/code</Filter>
    </ClCompile>
    <ClCompile Include="..\code\image.cpp">
      <Filter>/code</Filter>
    </ClCompile>
    <ClCompile Include="..\code\main.cpp">
      <Filter>/code</Filter>
    </ClCompile>
    <ClCompile Include="..\code\rocket.cpp">
      <Filter>/code</Filter>
    </ClCompile>
    <ClCompile Include="..\code\shared-resources.cpp">
      <Filter>/code</Filter>
    </ClCompile>
    <ClCompile Include="..\code\tests.cpp">
      <Filter>/code</Filter>
    </ClCompile>
    <ClCompile Include="..\code\fx-blitter.cpp">
      <Filter>/code\filters &amp; blitters</Filter>
    </ClCompile>
    <ClCompile Include="..\code\FM-synthesizer - 2\FM_BISON.cpp">
      <Filter>/code\/FM-synthesizer-2 %28FM. BISON, 2nd iteration%29\core</Filter>
    </ClCompile>
    <ClCompile Include="..\code\FM-synthesizer - 2\synth-ADSR.cpp">
      <Filter>/code\/FM-synthesizer-2 %28FM. BISON, 2nd iteration%29\core</Filter>
    </ClCompile>
    <ClCompile Include="..\code\FM-synthesizer - 2\synth-DX-voice.cpp">
      <Filter>/code\/FM-synthesizer-2 %28FM. BISON, 2nd iteration%29\core</Filter>
    </ClCompile>
    <ClCompile Include="..\code\FM-synthesizer - 2\synth-log.cpp">
      <Filter>/code\/FM-synthesizer-2 %28FM. BISON, 2nd iteration%29\core</Filter>
    </ClCompile>
    <ClCompile Include="..\code\FM-synthesizer - 2\synth-LUT.cpp">
      <Filter>/code\/FM-synthesizer-2 %28FM. BISON, 2nd iteration%29\core</Filter>
    </ClCompile>
    <ClCompile Include="..\code\FM-synthesizer - 2\synth-midi.cpp">
      <Filter>/code\/FM-synthesizer-2 %28FM. BISON, 2nd iteration%29\core</Filter>
    </ClCompile>
    <ClCompile Include="..\code\FM-synthesizer - 2\synth-oscillator.cpp">
      <Filter>/code\/FM-synthesizer-2 %28FM. BISON, 2nd iteration%29\core</Filter>
    </ClCompile>
    <ClCompile Include="..\code\FM-synthesizer - 2\synth-random.cpp">
      <Filter>/code\/FM-synthesizer-2 %28FM. BISON, 2nd iteration%29\core</Filter>
    </ClCompile>
    <ClCompile Include="..\code\FM-synthesizer - 2\SDL2-audio-out.cpp">
      <Filter>/code\/FM-synthesizer-2 %28FM. BISON, 2nd iteration%29\driver</Filter>
    </ClCompile>
    <ClCompile Include="..\code\FM-synthesizer - 2\Win-MIDI-in-Oxygen49.cpp">
      <Filter>/code\/FM-synthesizer-2 %28FM. BISON, 2nd iteration%29\driver</Filter>
    </ClCompile>
    <ClCompile Include="..\code\FM-synthesizer - 2\3rdparty\ADSR.cpp">
      <Filter>/code\/FM-synthesizer-2 %28FM. BISON, 2nd iteration%29\/3rdparty\earlevel.com ADSR %28modified%29</Filter>
    </ClCompile>
    <ClCompile Include="..\code\FM-synthesizer - 2\synth-filter.cpp">
      <Filter>/code\/FM-synthesizer-2 %28FM. BISON, 2nd iteration%29\core</Filter>
    </ClCompile>
    <ClCompile Include="..\code\FM-synthesizer - 2\Win-MIDI-in-BeatStep.cpp">
      <Filter>/code\/FM-synthesizer-2 %28FM. BISON, 2nd iteration%29\driver</Filter>
    </ClCompile>
    <ClCompile Include="..\code\FM-synthesizer - 2\synth-vowel-filter.cpp">
      <Filter>/code\/FM-synthesizer-2 %28FM. BISON, 2nd iteration%29\core</Filter>
    </ClCompile>
    <ClCompile Include="..\code\FM-synthesizer - 2\synth-FM-algorithms.cpp">
      <Filter>/code\/FM-synthesizer-2 %28FM. BISON, 2nd iteration%29\core</Filter>
    </ClCompile>
    <ClCompile Include="..\code\FM-synthesizer - 3\SDL2-audio-out.cpp">
      <Filter>/code\/FM-synthesizer-3 %28FM. BISON, 3rd iteration%29\drivers</Filter>
    </ClCompile>
    <ClCompile Include="..\code\FM-synthesizer - 3\Win-MIDI-in-BeatStep.cpp">
      <Filter>/code\/FM-synthesizer-3 %28FM. BISON, 3rd iteration%29\drivers</Filter>
    </ClCompile>
    <ClCompile Include="..\code\FM-synthesizer - 3\Win-MIDI-in-Oxygen49.cpp">
      <Filter>/code\/FM-synthesizer-3 %28FM. BISON, 3rd iteration%29\drivers</Filter>
    </ClCompile>
    <ClCompile Include="..\code\FM-synthesizer - 3\FM_BISON.cpp">
      <Filter>/code\/FM-synthesizer-3 %28FM. BISON, 3rd iteration%29\core</Filter>
    </ClCompile>
    <ClCompile Include="..\code\FM-synthesizer - 3\synth-log.cpp">
      <Filter>/code\/FM-synthesizer-3 %28FM. BISON, 3rd iteration%29\core</Filter>
    </ClCompile>
    <ClCompile Include="..\code\FM-synthesizer - 3\synth-LUT.cpp">
      <Filter>/code\/FM-synthesizer-3 %28FM. BISON, 3rd iteration%29\core</Filter>
    </ClCompile>
    <ClCompile Include="..\code\FM-synthesizer - 3\synth-MIDI.cpp">
      <Filter>/code\/FM-synthesizer-3 %28FM. BISON, 3rd iteration%29\core</Filter>
    </ClCompile>
    <ClCompile Include="..\code\FM-synthesizer - 3\synth-oscillator.cpp">
      <Filter>/code\/FM-synthesizer-3 %28FM. BISON, 3rd iteration%29\core</Filter>
    </ClCompile>
    <ClCompile Include="..\code\FM-synthesizer - 3\synth-random.cpp">
      <Filter>/code\/FM-synthesizer-3 %28FM. BISON, 3rd iteration%29\core</Filter>
    </ClCompile>
    <ClCompile Include="..\code\FM-synthesizer - 3\3rdparty\ADSR.cpp">
      <Filter>/code\/FM-synthesizer-3 %28FM. BISON, 3rd iteration%29\/3rdparty\ADSR %28earlevel.com%29</Filter>
    </ClCompile>
    <ClCompile Include="..\code\FM-synthesizer - 3\synth-ADSR.cpp">
      <Filter>/code\/FM-synthesizer-3 %28FM. BISON, 3rd iteration%29\core</Filter>
    </ClCompile>
    <ClCompile Include="..\code\FM-synthesizer - 3\synth-voice.cpp">
      <Filter>/code\/FM-synthesizer-3 %28FM. BISON, 3rd iteration%29\core</Filter>
    </ClCompile>
    <ClCompile Include="..\code\FM-synthesizer - 3\synth-pluck.cpp">
      <Filter>/code\/FM-synthesizer-3 %28FM. BISON, 3rd iteration%29\core\unused</Filter>
    </ClCompile>
  </ItemGroup>
  <ItemGroup>
    <ClInclude Include="..\code\bilinear.h">
      <Filter>/code\render</Filter>
    </ClInclude>
    <ClInclude Include="..\code\cspan.h">
      <Filter>/code\render</Filter>
    </ClInclude>
    <ClInclude Include="..\3rdparty\Std3DMath-stripped\Dependencies.h">
      <Filter>/3rdparty\/3rdparty/Std3Dmath-stripped</Filter>
    </ClInclude>
    <ClInclude Include="..\3rdparty\Std3DMath-stripped\Math.h">
      <Filter>/3rdparty\/3rdparty/Std3Dmath-stripped</Filter>
    </ClInclude>
    <ClInclude Include="..\3rdparty\Std3DMath-stripped\Matrix44.h">
      <Filter>/3rdparty\/3rdparty/Std3Dmath-stripped</Filter>
    </ClInclude>
    <ClInclude Include="..\3rdparty\Std3DMath-stripped\Quaternion.h">
      <Filter>/3rdparty\/3rdparty/Std3Dmath-stripped</Filter>
    </ClInclude>
    <ClInclude Include="..\3rdparty\Std3DMath-stripped\Vector2.h">
      <Filter>/3rdparty\/3rdparty/Std3Dmath-stripped</Filter>
    </ClInclude>
    <ClInclude Include="..\3rdparty\Std3DMath-stripped\Vector3.h">
      <Filter>/3rdparty\/3rdparty/Std3Dmath-stripped</Filter>
    </ClInclude>
    <ClInclude Include="..\3rdparty\Std3DMath-stripped\Vector4.h">
      <Filter>/3rdparty\/3rdparty/Std3Dmath-stripped</Filter>
    </ClInclude>
    <ClInclude Include="..\3rdparty\rocket-stripped\lib\base.h">
      <Filter>/3rdparty\/3rdparty-rocket</Filter>
    </ClInclude>
    <ClInclude Include="..\3rdparty\rocket-stripped\lib\device.h">
      <Filter>/3rdparty\/3rdparty-rocket</Filter>
    </ClInclude>
    <ClInclude Include="..\3rdparty\rocket-stripped\lib\sync.h">
      <Filter>/3rdparty\/3rdparty-rocket</Filter>
    </ClInclude>
    <ClInclude Include="..\3rdparty\rocket-stripped\lib\track.h">
      <Filter>/3rdparty\/3rdparty-rocket</Filter>
    </ClInclude>
    <ClInclude Include="..\code\shadertoy-util.h">
      <Filter>/code\render</Filter>
    </ClInclude>
    <ClInclude Include="..\3rdparty\sse_mathfun.h">
      <Filter>/3rdparty</Filter>
    </ClInclude>
    <ClInclude Include="..\3rdparty\aspectratios.h">
      <Filter>/3rdparty</Filter>
    </ClInclude>
    <ClInclude Include="..\code\alloc-aligned.h">
      <Filter>/code\util-lib</Filter>
    </ClInclude>
    <ClInclude Include="..\code\bit-tricks.h">
      <Filter>/code\util-lib</Filter>
    </ClInclude>
    <ClInclude Include="..\code\q3-rsqrt.h">
      <Filter>/code\util-lib</Filter>
    </ClInclude>
    <ClInclude Include="..\code\sincos-lut.h">
      <Filter>/code\util-lib</Filter>
    </ClInclude>
    <ClInclude Include="..\code\boxblur.h">
      <Filter>/code\filters &amp; blitters</Filter>
    </ClInclude>
    <ClInclude Include="..\code\polar.h">
      <Filter>/code\filters &amp; blitters</Filter>
    </ClInclude>
    <ClInclude Include="..\code\ball.h">
      <Filter>/code\effects</Filter>
    </ClInclude>
    <ClInclude Include="..\code\landscape.h">
      <Filter>/code\effects</Filter>
    </ClInclude>
    <ClInclude Include="..\code\shadertoy.h">
      <Filter>/code\effects</Filter>
    </ClInclude>
    <ClInclude Include="..\code\torus-twister.h">
      <Filter>/code\effects</Filter>
    </ClInclude>
    <ClInclude Include="..\code\tunnelscape.h">
      <Filter>/code\effects</Filter>
    </ClInclude>
    <ClInclude Include="..\code\voxel-shared.h">
      <Filter>/code\effects</Filter>
    </ClInclude>
    <ClInclude Include="..\code\audio.h">
      <Filter>/code</Filter>
    </ClInclude>
    <ClInclude Include="..\code\demo.h">
      <Filter>/code</Filter>
    </ClInclude>
    <ClInclude Include="..\code\display.h">
      <Filter>/code</Filter>
    </ClInclude>
    <ClInclude Include="..\code\gamepad.h">
      <Filter>/code</Filter>
    </ClInclude>
    <ClInclude Include="..\code\image.h">
      <Filter>/code</Filter>
    </ClInclude>
    <ClInclude Include="..\code\main.h">
      <Filter>/code</Filter>
    </ClInclude>
    <ClInclude Include="..\code\rocket.h">
      <Filter>/code</Filter>
    </ClInclude>
    <ClInclude Include="..\code\shared-resources.h">
      <Filter>/code</Filter>
    </ClInclude>
    <ClInclude Include="..\code\timer.h">
      <Filter>/code</Filter>
    </ClInclude>
    <ClInclude Include="..\code\heartquake.h">
      <Filter>/code\effects\not implemented</Filter>
    </ClInclude>
    <ClInclude Include="..\code\tests.h">
      <Filter>/code</Filter>
    </ClInclude>
    <ClInclude Include="..\code\fx-blitter.h">
      <Filter>/code\filters &amp; blitters</Filter>
    </ClInclude>
    <ClInclude Include="..\code\util.h">
      <Filter>/code</Filter>
    </ClInclude>
    <ClInclude Include="..\code\random.h">
      <Filter>/code\util-lib</Filter>
    </ClInclude>
    <ClInclude Include="..\code\FM-synthesizer - 2\FM_BISON.h">
      <Filter>/code\/FM-synthesizer-2 %28FM. BISON, 2nd iteration%29\core</Filter>
    </ClInclude>
    <ClInclude Include="..\code\FM-synthesizer - 2\synth-ADSR.h">
      <Filter>/code\/FM-synthesizer-2 %28FM. BISON, 2nd iteration%29\core</Filter>
    </ClInclude>
    <ClInclude Include="..\code\FM-synthesizer - 2\synth-DX-voice.h">
      <Filter>/code\/FM-synthesizer-2 %28FM. BISON, 2nd iteration%29\core</Filter>
    </ClInclude>
    <ClInclude Include="..\code\FM-synthesizer - 2\synth-error.h">
      <Filter>/code\/FM-synthesizer-2 %28FM. BISON, 2nd iteration%29\core</Filter>
    </ClInclude>
    <ClInclude Include="..\code\FM-synthesizer - 2\synth-global.h">
      <Filter>/code\/FM-synthesizer-2 %28FM. BISON, 2nd iteration%29\core</Filter>
    </ClInclude>
    <ClInclude Include="..\code\FM-synthesizer - 2\synth-log.h">
      <Filter>/code\/FM-synthesizer-2 %28FM. BISON, 2nd iteration%29\core</Filter>
    </ClInclude>
    <ClInclude Include="..\code\FM-synthesizer - 2\synth-LUT.h">
      <Filter>/code\/FM-synthesizer-2 %28FM. BISON, 2nd iteration%29\core</Filter>
    </ClInclude>
    <ClInclude Include="..\code\FM-synthesizer - 2\synth-math.h">
      <Filter>/code\/FM-synthesizer-2 %28FM. BISON, 2nd iteration%29\core</Filter>
    </ClInclude>
    <ClInclude Include="..\code\FM-synthesizer - 2\synth-midi.h">
      <Filter>/code\/FM-synthesizer-2 %28FM. BISON, 2nd iteration%29\core</Filter>
    </ClInclude>
    <ClInclude Include="..\code\FM-synthesizer - 2\synth-oscillator.h">
      <Filter>/code\/FM-synthesizer-2 %28FM. BISON, 2nd iteration%29\core</Filter>
    </ClInclude>
    <ClInclude Include="..\code\FM-synthesizer - 2\synth-parameters.h">
      <Filter>/code\/FM-synthesizer-2 %28FM. BISON, 2nd iteration%29\core</Filter>
    </ClInclude>
    <ClInclude Include="..\code\FM-synthesizer - 2\synth-random.h">
      <Filter>/code\/FM-synthesizer-2 %28FM. BISON, 2nd iteration%29\core</Filter>
    </ClInclude>
    <ClInclude Include="..\code\FM-synthesizer - 2\synth-ringbuffer.h">
      <Filter>/code\/FM-synthesizer-2 %28FM. BISON, 2nd iteration%29\core</Filter>
    </ClInclude>
    <ClInclude Include="..\code\FM-synthesizer - 2\synth-stateless-oscillators.h">
      <Filter>/code\/FM-synthesizer-2 %28FM. BISON, 2nd iteration%29\core</Filter>
    </ClInclude>
    <ClInclude Include="..\code\FM-synthesizer - 2\synth-util.h">
      <Filter>/code\/FM-synthesizer-2 %28FM. BISON, 2nd iteration%29\core</Filter>
    </ClInclude>
    <ClInclude Include="..\code\FM-synthesizer - 2\SDL2-audio-out.h">
      <Filter>/code\/FM-synthesizer-2 %28FM. BISON, 2nd iteration%29\driver</Filter>
    </ClInclude>
    <ClInclude Include="..\code\FM-synthesizer - 2\Win-MIDI-in-Oxygen49.h">
      <Filter>/code\/FM-synthesizer-2 %28FM. BISON, 2nd iteration%29\driver</Filter>
    </ClInclude>
    <ClInclude Include="..\code\FM-synthesizer - 2\synth-patch.h">
      <Filter>/code\/FM-synthesizer-2 %28FM. BISON, 2nd iteration%29\core</Filter>
    </ClInclude>
    <ClInclude Include="..\code\FM-synthesizer - 2\3rdparty\ADSR.h">
      <Filter>/code\/FM-synthesizer-2 %28FM. BISON, 2nd iteration%29\/3rdparty\earlevel.com ADSR %28modified%29</Filter>
    </ClInclude>
    <ClInclude Include="..\code\FM-synthesizer - 2\synth-filter.h">
      <Filter>/code\/FM-synthesizer-2 %28FM. BISON, 2nd iteration%29\core</Filter>
    </ClInclude>
    <ClInclude Include="..\code\FM-synthesizer - 2\synth-delay-line.h">
      <Filter>/code\/FM-synthesizer-2 %28FM. BISON, 2nd iteration%29\core</Filter>
    </ClInclude>
    <ClInclude Include="..\code\FM-synthesizer - 2\Win-MIDI-in-BeatStep.h">
      <Filter>/code\/FM-synthesizer-2 %28FM. BISON, 2nd iteration%29\driver</Filter>
    </ClInclude>
    <ClInclude Include="..\code\FM-synthesizer - 2\synth-vowel-filter.h">
      <Filter>/code\/FM-synthesizer-2 %28FM. BISON, 2nd iteration%29\core</Filter>
    </ClInclude>
    <ClInclude Include="..\code\FM-synthesizer - 2\synth-FM-algorithms.h">
      <Filter>/code\/FM-synthesizer-2 %28FM. BISON, 2nd iteration%29\core</Filter>
    </ClInclude>
    <ClInclude Include="..\code\FM-synthesizer - 2\synth-Hexter-tables.h">
      <Filter>/code\/FM-synthesizer-2 %28FM. BISON, 2nd iteration%29\core</Filter>
    </ClInclude>
    <ClInclude Include="..\code\FM-synthesizer - 3\SDL2-audio-out.h">
      <Filter>/code\/FM-synthesizer-3 %28FM. BISON, 3rd iteration%29\drivers</Filter>
    </ClInclude>
    <ClInclude Include="..\code\FM-synthesizer - 3\Win-MIDI-in-BeatStep.h">
      <Filter>/code\/FM-synthesizer-3 %28FM. BISON, 3rd iteration%29\drivers</Filter>
    </ClInclude>
    <ClInclude Include="..\code\FM-synthesizer - 3\Win-MIDI-in-Oxygen49.h">
      <Filter>/code\/FM-synthesizer-3 %28FM. BISON, 3rd iteration%29\drivers</Filter>
    </ClInclude>
    <ClInclude Include="..\code\FM-synthesizer - 3\FM_BISON.h">
      <Filter>/code\/FM-synthesizer-3 %28FM. BISON, 3rd iteration%29\core</Filter>
    </ClInclude>
    <ClInclude Include="..\code\FM-synthesizer - 3\synth-error.h">
      <Filter>/code\/FM-synthesizer-3 %28FM. BISON, 3rd iteration%29\core</Filter>
    </ClInclude>
    <ClInclude Include="..\code\FM-synthesizer - 3\synth-global.h">
      <Filter>/code\/FM-synthesizer-3 %28FM. BISON, 3rd iteration%29\core</Filter>
    </ClInclude>
    <ClInclude Include="..\code\FM-synthesizer - 3\synth-log.h">
      <Filter>/code\/FM-synthesizer-3 %28FM. BISON, 3rd iteration%29\core</Filter>
    </ClInclude>
    <ClInclude Include="..\code\FM-synthesizer - 3\synth-LUT.h">
      <Filter>/code\/FM-synthesizer-3 %28FM. BISON, 3rd iteration%29\core</Filter>
    </ClInclude>
    <ClInclude Include="..\code\FM-synthesizer - 3\synth-math.h">
      <Filter>/code\/FM-synthesizer-3 %28FM. BISON, 3rd iteration%29\core</Filter>
    </ClInclude>
    <ClInclude Include="..\code\FM-synthesizer - 3\synth-MIDI.h">
      <Filter>/code\/FM-synthesizer-3 %28FM. BISON, 3rd iteration%29\core</Filter>
    </ClInclude>
    <ClInclude Include="..\code\FM-synthesizer - 3\synth-oscillator.h">
      <Filter>/code\/FM-synthesizer-3 %28FM. BISON, 3rd iteration%29\core</Filter>
    </ClInclude>
    <ClInclude Include="..\code\FM-synthesizer - 3\synth-parameters.h">
      <Filter>/code\/FM-synthesizer-3 %28FM. BISON, 3rd iteration%29\core</Filter>
    </ClInclude>
    <ClInclude Include="..\code\FM-synthesizer - 3\synth-random.h">
      <Filter>/code\/FM-synthesizer-3 %28FM. BISON, 3rd iteration%29\core</Filter>
    </ClInclude>
    <ClInclude Include="..\code\FM-synthesizer - 3\synth-ring-buffer.h">
      <Filter>/code\/FM-synthesizer-3 %28FM. BISON, 3rd iteration%29\core</Filter>
    </ClInclude>
    <ClInclude Include="..\code\FM-synthesizer - 3\synth-stateless-oscillators.h">
      <Filter>/code\/FM-synthesizer-3 %28FM. BISON, 3rd iteration%29\core</Filter>
    </ClInclude>
    <ClInclude Include="..\code\FM-synthesizer - 3\synth-util.h">
      <Filter>/code\/FM-synthesizer-3 %28FM. BISON, 3rd iteration%29\core</Filter>
    </ClInclude>
    <ClInclude Include="..\code\FM-synthesizer - 3\3rdparty\ADSR.h">
      <Filter>/code\/FM-synthesizer-3 %28FM. BISON, 3rd iteration%29\/3rdparty\ADSR %28earlevel.com%29</Filter>
    </ClInclude>
    <ClInclude Include="..\code\FM-synthesizer - 3\synth-ADSR.h">
      <Filter>/code\/FM-synthesizer-3 %28FM. BISON, 3rd iteration%29\core</Filter>
    </ClInclude>
    <ClInclude Include="..\code\FM-synthesizer - 3\synth-delay-line.h">
      <Filter>/code\/FM-synthesizer-3 %28FM. BISON, 3rd iteration%29\core</Filter>
    </ClInclude>
    <ClInclude Include="..\code\FM-synthesizer - 3\synth-one-pole.h">
      <Filter>/code\/FM-synthesizer-3 %28FM. BISON, 3rd iteration%29\core</Filter>
    </ClInclude>
    <ClInclude Include="..\code\FM-synthesizer - 3\synth-dry-patch.h">
      <Filter>/code\/FM-synthesizer-3 %28FM. BISON, 3rd iteration%29\core</Filter>
    </ClInclude>
    <ClInclude Include="..\code\FM-synthesizer - 3\3rdparty\SvfLinearTrapOptimised2.hpp">
      <Filter>/code\/FM-synthesizer-3 %28FM. BISON, 3rd iteration%29\/3rdparty</Filter>
    </ClInclude>
    <ClInclude Include="..\code\FM-synthesizer - 3\synth-voice.h">
      <Filter>/code\/FM-synthesizer-3 %28FM. BISON, 3rd iteration%29\core</Filter>
    </ClInclude>
    <ClInclude Include="..\code\FM-synthesizer - 3\synth-pluck.h">
      <Filter>/code\/FM-synthesizer-3 %28FM. BISON, 3rd iteration%29\core\unused</Filter>
    </ClInclude>
    <ClInclude Include="..\code\FM-synthesizer - 3\synth-FM-algorithms.h">
      <Filter>/code\/FM-synthesizer-3 %28FM. BISON, 3rd iteration%29\core\implement!</Filter>
    </ClInclude>
  </ItemGroup>
  <ItemGroup>
    <Library Include="..\3rdparty\bassmod20\c\BASSMOD.lib">
      <Filter>/3rdparty\/3rdparty-x86</Filter>
    </Library>
    <Library Include="..\3rdparty\DevIL-SDK-x86-1.7.8\lib\DevIL.lib">
      <Filter>/3rdparty\/3rdparty-x86</Filter>
    </Library>
    <Library Include="..\3rdparty\DevIL-SDK-x64-1.7.8\DevIL.lib">
      <Filter>/3rdparty\/3rdparty-x64</Filter>
    </Library>
    <Library Include="..\3rdparty\SDL2-2.0.8\lib\x86\SDL2.lib">
      <Filter>/3rdparty\/3rdparty-x86</Filter>
    </Library>
    <Library Include="..\3rdparty\SDL2-2.0.8\lib\x64\SDL2.lib">
      <Filter>/3rdparty\/3rdparty-x64</Filter>
    </Library>
    <Library Include="..\3rdparty\bass24-stripped\c\bass.lib">
      <Filter>/3rdparty\/3rdparty-x86</Filter>
    </Library>
    <Library Include="..\3rdparty\bass24-stripped\c\x64\bass.lib">
      <Filter>/3rdparty\/3rdparty-x64</Filter>
    </Library>
  </ItemGroup>
  <ItemGroup>
    <None Include="..\.gitignore" />
    <None Include="..\README.md" />
    <None Include="..\code\FM-synthesizer - 2\theory\FM_Synthesis_of_Real_Instruments.pdf">
      <Filter>/code\/FM-synthesizer-2 %28FM. BISON, 2nd iteration%29\/theory</Filter>
    </None>
  </ItemGroup>
  <ItemGroup>
    <Text Include="..\to do.txt" />
    <Text Include="..\target\infofile.txt">
      <Filter>/target</Filter>
    </Text>
    <Text Include="..\bypasszs-ascii.txt" />
    <Text Include="..\rocket-track-guide.txt" />
  </ItemGroup>
</Project>